NeoBundleLock editorconfig-vim 912eeeab7d7702358904552b9940e12e2f0a9afd
NeoBundleLock emmet-vim 4933347202f595db90099829bfd97df26e9cde11
NeoBundleLock neobundle.vim b8faeb84baccc335f67f59672d7323ec5d14a997
NeoBundleLock neocomplete 5adbcdccea200b83b1145378e49600758e227e32
NeoBundleLock vim-css3-syntax 386f60a9ac950b09c76cd8dcb855755a30bbe1df
NeoBundleLock vim-smartinput 78ab4b3df24fa2753d3dfc1be75ed5a3df1565b8
